
Microsoft Visual Studio Solution File, Format Version 12.00
# Visual Studio Version 16
VisualStudioVersion = 16.0.31313.79
MinimumVisualStudioVersion = 10.0.40219.1
Project("{FAE04EC0-301F-11D3-BF4B-00C04F79EFBC}") = "Latiahan 21", "Latiahan 21\Latiahan 21.csproj", "{855E7478-CC9D-4D2E-9E42-2565474AFB34}"
EndProject
Global
	GlobalSection(SolutionConfigurationPlatforms) = preSolution
		Debug|Any CPU = Debug|Any CPU
		Release|Any CPU = Release|Any CPU
	EndGlobalSection
	GlobalSection(ProjectConfigurationPlatforms) = postSolution
		{855E7478-CC9D-4D2E-9E42-2565474AFB34}.Debug|Any CPU.ActiveCfg = Debug|Any CPU
		{855E7478-CC9D-4D2E-9E42-2565474AFB34}.Debug|Any CPU.Build.0 = Debug|Any CPU
		{855E7478-CC9D-4D2E-9E42-2565474AFB34}.Release|Any CPU.ActiveCfg = Release|Any CPU
		{855E7478-CC9D-4D2E-9E42-2565474AFB34}.Release|Any CPU.Build.0 = Release|Any CPU
	EndGlobalSection
	GlobalSection(SolutionProperties) = preSolution
		HideSolutionNode = FALSE
	EndGlobalSection
	GlobalSection(ExtensibilityGlobals) = postSolution
		SolutionGuid = {CF394284-180C-4A0F-8AB8-22FA6F4973D7}
	EndGlobalSection
EndGlobal
